
Microsoft Visual Studio Solution File, Format Version 12.00
# Visual Studio Version 17
VisualStudioVersion = 17.10.35013.160
MinimumVisualStudioVersion = 10.0.40219.1
Project("{FAE04EC0-301F-11D3-BF4B-00C04F79EFBC}") = "cli", "cli\cli.csproj", "{96835D15-2E0A-41E1-98BC-1ED1A9194AB2}"
EndProject
Global
	GlobalSection(SolutionConfigurationPlatforms) = preSolution
		Debug|Any CPU = Debug|Any CPU
		Release|Any CPU = Release|Any CPU
	EndGlobalSection
	GlobalSection(ProjectConfigurationPlatforms) = postSolution
		{96835D15-2E0A-41E1-98BC-1ED1A9194AB2}.Debug|Any CPU.ActiveCfg = Debug|Any CPU
		{96835D15-2E0A-41E1-98BC-1ED1A9194AB2}.Debug|Any CPU.Build.0 = Debug|Any CPU
		{96835D15-2E0A-41E1-98BC-1ED1A9194AB2}.Release|Any CPU.ActiveCfg = Release|Any CPU
		{96835D15-2E0A-41E1-98BC-1ED1A9194AB2}.Release|Any CPU.Build.0 = Release|Any CPU
	EndGlobalSection
	GlobalSection(SolutionProperties) = preSolution
		HideSolutionNode = FALSE
	EndGlobalSection
	GlobalSection(ExtensibilityGlobals) = postSolution
		SolutionGuid = {E741CF6C-1C9C-4B66-B710-CF170AC2D313}
	EndGlobalSection
EndGlobal
